
Microsoft Visual Studio Solution File, Format Version 12.00
# Visual Studio Version 16
VisualStudioVersion = 16.0.31410.357
MinimumVisualStudioVersion = 10.0.40219.1
Project("{8BC9CEB8-8B4A-11D0-8D11-00A0C91BC942}") = "ReplaceHookedNTDLLwFreshCopy", "ReplaceHookedNTDLLwFreshCopy\ReplaceHookedNTDLLwFreshCopy.vcxproj", "{00C07E1A-BC2C-47E9-8FF6-D53FAA402D72}"
EndProject
Global
	GlobalSection(SolutionConfigurationPlatforms) = preSolution
		Debug|x64 = Debug|x64
		Debug|x86 = Debug|x86
		Release|x64 = Release|x64
		Release|x86 = Release|x86
	EndGlobalSection
	GlobalSection(ProjectConfigurationPlatforms) = postSolution
		{00C07E1A-BC2C-47E9-8FF6-D53FAA402D72}.Debug|x64.ActiveCfg = Debug|x64
		{00C07E1A-BC2C-47E9-8FF6-D53FAA402D72}.Debug|x64.Build.0 = Debug|x64
		{00C07E1A-BC2C-47E9-8FF6-D53FAA402D72}.Debug|x86.ActiveCfg = Debug|Win32
		{00C07E1A-BC2C-47E9-8FF6-D53FAA402D72}.Debug|x86.Build.0 = Debug|Win32
		{00C07E1A-BC2C-47E9-8FF6-D53FAA402D72}.Release|x64.ActiveCfg = Release|x64
		{00C07E1A-BC2C-47E9-8FF6-D53FAA402D72}.Release|x64.Build.0 = Release|x64
		{00C07E1A-BC2C-47E9-8FF6-D53FAA402D72}.Release|x86.ActiveCfg = Release|Win32
		{00C07E1A-BC2C-47E9-8FF6-D53FAA402D72}.Release|x86.Build.0 = Release|Win32
	EndGlobalSection
	GlobalSection(SolutionProperties) = preSolution
		HideSolutionNode = FALSE
	EndGlobalSection
	GlobalSection(ExtensibilityGlobals) = postSolution
		SolutionGuid = {41A9083F-9856-4A0E-A9BD-D69801B06B31}
	EndGlobalSection
EndGlobal
